{
  "version": "3",
  "remote": {
    "https://edge.netlify.com/": "fd941d61d88673d5f28aab283fb86fcc50f08a3bc80ee5470498fcfa88c65cfb",
    "https://edge.netlify.com/bootstrap/config.ts": "0aa0a225d978b89e0e62cbd853701605199e7a84095e55eeb70147faf1a24803",
    "https://edge.netlify.com/bootstrap/context.ts": "f8392d0bfc4a345f0508157a9ed1a8b0ac832275e5ae6fe9301a8268fbfeb0b5",
    "https://edge.netlify.com/bootstrap/cookie.ts": "8b0baae708989ca183c6f3b4ab3d029e6abcbc2e43f93edeb0ff447b3bbc3a05",
    "https://edge.netlify.com/bootstrap/edge_function.ts": "b8253e86aa83c67341f5cfedeba5049d77fbf84dcab7eceff7566b7728ae9b39",
    "https://edge.netlify.com/bootstrap/globals/types.ts": "a92107bafea2f88f9c7f787575732436abc40e45ccc062c76093096e7c34c84b"
  },
  "workspace": {
    "packageJson": {
      "dependencies": [
        "npm:@apollo/client@^3.8.8",
        "npm:@faustwp/cli@^3.0.1",
        "npm:@faustwp/core@^3.0.1",
        "npm:@graphql-codegen/cli@^5.0.0",
        "npm:@graphql-codegen/client-preset@^4.1.0",
        "npm:@graphql-typed-document-node/core@^3.2.0",
        "npm:@headlessui/react@^2.1.1",
        "npm:@netlify/plugin-nextjs@5.3.2",
        "npm:@next/bundle-analyzer@^14.1.4",
        "npm:@next/env@13.5.6",
        "npm:@svgr/webpack@^8.1.0",
        "npm:@tailwindcss/container-queries@^0.1.1",
        "npm:@tailwindcss/typography@^0.5.10",
        "npm:@types/node@^20",
        "npm:@types/react-dom@18.2.17",
        "npm:@types/react-lazyload@^3.2.3",
        "npm:@types/react@18.2.42",
        "npm:autoprefixer@^10",
        "npm:axios@^1.7.2",
        "npm:concurrently@^8.2.2",
        "npm:cross-env@^7.0.3",
        "npm:cssnano@^6.1.2",
        "npm:eslint-config-next@13.5.6",
        "npm:eslint-config-prettier@^9.0.0",
        "npm:eslint-plugin-html@^7.1.0",
        "npm:eslint-plugin-jsx-a11y@^6.8.0",
        "npm:eslint-plugin-validate-jsx-nesting@^0.1.1",
        "npm:eslint@^8",
        "npm:framer-motion@^11.2.12",
        "npm:graphql-tag@^2.12.6",
        "npm:graphql@^16.8.1",
        "npm:husky@^8.0.3",
        "npm:lint-staged@^15.1.0",
        "npm:momment@^0.0.1",
        "npm:netlify-cli@^17.33.0",
        "npm:next-seo@^6.5.0",
        "npm:next-sitemap@^4.2.3",
        "npm:next-unused@^0.0.6",
        "npm:next@14.2.0",
        "npm:postcss@^8",
        "npm:prettier-plugin-tailwindcss@^0.5.7",
        "npm:prettier@^3.1.0",
        "npm:react-dom@18.2.0",
        "npm:react-hook-form@^7.51.1",
        "npm:react-player@^2.14.1",
        "npm:react@18.2.0",
        "npm:sass@^1.69.5",
        "npm:swiper@^11.0.7",
        "npm:tailwind-merge@^2.0.0",
        "npm:tailwindcss@3.3.6",
        "npm:ts-node@^10.9.2",
        "npm:tsconfig-paths@^4.2.0",
        "npm:typescript@^5.3.2"
      ]
    }
  }
}
